<?xml version="1.0" encoding="utf-8"?>
<Project ToolsVersion="4.0" xmlns="http://schemas.microsoft.com/developer/msbuild/2003">
  <ItemGroup>
    <Filter Include="Source Files">
      <UniqueIdentifier>{4FC737F1-C7A5-4376-A066-2A32D752A2FF}</UniqueIdentifier>
      <Extensions>cpp;c;cc;cxx;def;odl;idl;hpj;bat;asm;asmx</Extensions>
    </Filter>
    <Filter Include="Header Files">
      <UniqueIdentifier>{93995380-89BD-4b04-88EB-625FBE52EBFB}</UniqueIdentifier>
      <Extensions>h;hh;hpp;hxx;hm;inl;inc;xsd</Extensions>
    </Filter>
    <Filter Include="Resource Files">
      <UniqueIdentifier>{D9D6E242-F8AF-46E4-B9FD-80ECBC20BA3E}</UniqueIdentifier>
      <Extensions>qrc;*</Extensions>
      <ParseFiles>false</ParseFiles>
    </Filter>
    <Filter Include="Form Files">
      <UniqueIdentifier>{99349809-55BA-4b9d-BF79-8FDBB0286EB3}</UniqueIdentifier>
      <Extensions>ui</Extensions>
    </Filter>
    <Filter Include="Resource Files">
      <UniqueIdentifier>{D9D6E242-F8AF-46E4-B9FD-80ECBC20BA3E}</UniqueIdentifier>
      <Extensions>qrc;*</Extensions>
      <ParseFiles>false</ParseFiles>
    </Filter>
    <Filter Include="Generated Files">
      <UniqueIdentifier>{71ED8ED8-ACB9-4CE9-BBE1-E00B30144E11}</UniqueIdentifier>
      <Extensions>moc;h;cpp</Extensions>
      <SourceControlFiles>False</SourceControlFiles>
    </Filter>
  </ItemGroup>
  <ItemGroup>
    <ClCompile Include="main.cpp">
      <Filter>Source Files</Filter>
    </ClCompile>
    <ClCompile Include="MainWindow.cpp">
      <Filter>Source Files</Filter>
    </ClCompile>
    <ClCompile Include="Log.cpp">
      <Filter>Source Files</Filter>
    </ClCompile>
    <ClCompile Include="AddCustomerWidget.cpp">
      <Filter>Source Files</Filter>
    </ClCompile>
    <ClCompile Include="SearchCustomerWidget.cpp">
      <Filter>Source Files</Filter>
    </ClCompile>
    <ClCompile Include="ChangePersonalInfoWidget.cpp">
      <Filter>Source Files</Filter>
    </ClCompile>
    <ClCompile Include="ModifyCustomerWidget.cpp">
      <Filter>Source Files</Filter>
    </ClCompile>
    <ClCompile Include="GlobalPath.cpp">
      <Filter>Source Files</Filter>
    </ClCompile>
    <ClCompile Include="RunningMode.cpp">
      <Filter>Source Files</Filter>
    </ClCompile>
    <ClCompile Include="SysConfiguration.cpp">
      <Filter>Source Files</Filter>
    </ClCompile>
    <ClCompile Include="DatabaseInfo.cpp">
      <Filter>Source Files</Filter>
    </ClCompile>
    <ClCompile Include="AddEmployeeWidget.cpp">
      <Filter>Source Files</Filter>
    </ClCompile>
    <ClCompile Include="SearchModifyEmployeeWidget.cpp">
      <Filter>Source Files</Filter>
    </ClCompile>
    <ClCompile Include="SetSKUWidget.cpp">
      <Filter>Source Files</Filter>
    </ClCompile>
    <ClCompile Include="SellWidget.cpp">
      <Filter>Source Files</Filter>
    </ClCompile>
    <ClCompile Include="PersonalConsumptionDetailWidget.cpp">
      <Filter>Source Files</Filter>
    </ClCompile>
    <ClCompile Include="ProdSearch.cpp">
      <Filter>Source Files</Filter>
    </ClCompile>
  </ItemGroup>
  <ItemGroup>
    <QtMoc Include="MainWindow.h">
      <Filter>Header Files</Filter>
    </QtMoc>
    <QtMoc Include="AddCustomerWidget.h">
      <Filter>Header Files</Filter>
    </QtMoc>
    <QtMoc Include="SearchCustomerWidget.h">
      <Filter>Header Files</Filter>
    </QtMoc>
    <QtMoc Include="ChangePersonalInfoWidget.h">
      <Filter>Header Files</Filter>
    </QtMoc>
    <QtMoc Include="ModifyCustomerWidget.h">
      <Filter>Header Files</Filter>
    </QtMoc>
    <QtMoc Include="SysConfiguration.h">
      <Filter>Header Files</Filter>
    </QtMoc>
    <QtMoc Include="AddEmployeeWidget.h">
      <Filter>Header Files</Filter>
    </QtMoc>
    <QtMoc Include="SearchModifyEmployeeWidget.h">
      <Filter>Header Files</Filter>
    </QtMoc>
    <QtMoc Include="Delegate.h">
      <Filter>Header Files</Filter>
    </QtMoc>
    <QtMoc Include="SetSKUWidget.h">
      <Filter>Header Files</Filter>
    </QtMoc>
    <QtMoc Include="SellWidget.h">
      <Filter>Header Files</Filter>
    </QtMoc>
    <QtMoc Include="PersonalConsumptionDetailWidget.h">
      <Filter>Header Files</Filter>
    </QtMoc>
    <QtMoc Include="ProdSearch.h">
      <Filter>Header Files</Filter>
    </QtMoc>
  </ItemGroup>
  <ItemGroup>
    <QtUic Include="MainWindow.ui">
      <Filter>Form Files</Filter>
    </QtUic>
    <QtUic Include="AddCustomerWidget.ui">
      <Filter>Form Files</Filter>
    </QtUic>
    <QtUic Include="SearchCustomerWidget.ui">
      <Filter>Form Files</Filter>
    </QtUic>
    <QtUic Include="ChangePersonalInfoWidget.ui">
      <Filter>Form Files</Filter>
    </QtUic>
    <QtUic Include="ModifyCustomerWidget.ui">
      <Filter>Form Files</Filter>
    </QtUic>
    <QtUic Include="SysConfiguration.ui">
      <Filter>Form Files</Filter>
    </QtUic>
    <QtUic Include="AddEmployeeWidget.ui">
      <Filter>Form Files</Filter>
    </QtUic>
    <QtUic Include="SearchModifyEmployeeWidget.ui">
      <Filter>Form Files</Filter>
    </QtUic>
    <QtUic Include="SetSKUWidget.ui">
      <Filter>Form Files</Filter>
    </QtUic>
    <QtUic Include="SellWidget.ui">
      <Filter>Form Files</Filter>
    </QtUic>
    <QtUic Include="PersonalConsumptionDetailWidget.ui">
      <Filter>Form Files</Filter>
    </QtUic>
    <QtUic Include="ProdSearch.ui">
      <Filter>Form Files</Filter>
    </QtUic>
  </ItemGroup>
  <ItemGroup>
    <QtRcc Include="MainWindow.qrc">
      <Filter>Resource Files</Filter>
    </QtRcc>
  </ItemGroup>
  <ItemGroup>
    <ClInclude Include="ChineseSupport.h">
      <Filter>Header Files</Filter>
    </ClInclude>
    <ClInclude Include="DatabaseInfo.h">
      <Filter>Header Files</Filter>
    </ClInclude>
    <ClInclude Include="Log.h">
      <Filter>Header Files</Filter>
    </ClInclude>
    <ClInclude Include="Duty.h">
      <Filter>Header Files</Filter>
    </ClInclude>
    <ClInclude Include="resource.h">
      <Filter>Header Files</Filter>
    </ClInclude>
    <ClInclude Include="GlobalPath.h">
      <Filter>Header Files</Filter>
    </ClInclude>
    <ClInclude Include="RunningMode.h">
      <Filter>Header Files</Filter>
    </ClInclude>
    <ClInclude Include="resource2.h">
      <Filter>Header Files</Filter>
    </ClInclude>
  </ItemGroup>
  <ItemGroup>
    <ResourceCompile Include="MIOMI_v21.rc" />
  </ItemGroup>
  <ItemGroup>
    <Image Include="icon1.ico" />
  </ItemGroup>
</Project>